lockfileVersion: '9.0'

settings:
  autoInstallPeers: true
  excludeLinksFromLockfile: false

importers:

  .:
    dependencies:
      lodash-es:
        specifier: ^4.17.23
        version: 4.17.23
      zois-core:
        specifier: ^1.2.1
        version: 1.2.1
    devDependencies:
      '@types/lodash-es':
        specifier: ^4.17.12
        version: 4.17.12
      bc-stubs:
        specifier: 126.0.0-Beta.1
        version: 126.0.0-Beta.1
      esbuild:
        specifier: ^0.27.4
        version: 0.27.4
      typescript:
        specifier: ^5.9.3
        version: 5.9.3

packages:

  '@esbuild/aix-ppc64@0.27.4':
    resolution: {integrity: sha512-cQPwL2mp2nSmHHJlCyoXgHGhbEPMrEEU5xhkcy3Hs/O7nGZqEpZ2sUtLaL9MORLtDfRvVl2/3PAuEkYZH0Ty8Q==}
    engines: {node: '>=18'}
    cpu: [ppc64]
    os: [aix]

  '@esbuild/android-arm64@0.27.4':
    resolution: {integrity: sha512-gdLscB7v75wRfu7QSm/zg6Rx29VLdy9eTr2t44sfTW7CxwAtQghZ4ZnqHk3/ogz7xao0QAgrkradbBzcqFPasw==}
    engines: {node: '>=18'}
    cpu: [arm64]
    os: [android]

  '@esbuild/android-arm@0.27.4':
    resolution: {integrity: sha512-X9bUgvxiC8CHAGKYufLIHGXPJWnr0OCdR0anD2e21vdvgCI8lIfqFbnoeOz7lBjdrAGUhqLZLcQo6MLhTO2DKQ==}
    engines: {node: '>=18'}
    cpu: [arm]
    os: [android]

  '@esbuild/android-x64@0.27.4':
    resolution: {integrity: sha512-PzPFnBNVF292sfpfhiyiXCGSn9HZg5BcAz+ivBuSsl6Rk4ga1oEXAamhOXRFyMcjwr2DVtm40G65N3GLeH1Lvw==}
    engines: {node: '>=18'}
    cpu: [x64]
    os: [android]

  '@esbuild/darwin-arm64@0.27.4':
    resolution: {integrity: sha512-b7xaGIwdJlht8ZFCvMkpDN6uiSmnxxK56N2GDTMYPr2/gzvfdQN8rTfBsvVKmIVY/X7EM+/hJKEIbbHs9oA4tQ==}
    engines: {node: '>=18'}
    cpu: [arm64]
    os: [darwin]

  '@esbuild/darwin-x64@0.27.4':
    resolution: {integrity: sha512-sR+OiKLwd15nmCdqpXMnuJ9W2kpy0KigzqScqHI3Hqwr7IXxBp3Yva+yJwoqh7rE8V77tdoheRYataNKL4QrPw==}
    engines: {node: '>=18'}
    cpu: [x64]
    os: [darwin]

  '@esbuild/freebsd-arm64@0.27.4':
    resolution: {integrity: sha512-jnfpKe+p79tCnm4GVav68A7tUFeKQwQyLgESwEAUzyxk/TJr4QdGog9sqWNcUbr/bZt/O/HXouspuQDd9JxFSw==}
    engines: {node: '>=18'}
    cpu: [arm64]
    os: [freebsd]

  '@esbuild/freebsd-x64@0.27.4':
    resolution: {integrity: sha512-2kb4ceA/CpfUrIcTUl1wrP/9ad9Atrp5J94Lq69w7UwOMolPIGrfLSvAKJp0RTvkPPyn6CIWrNy13kyLikZRZQ==}
    engines: {node: '>=18'}
    cpu: [x64]
    os: [freebsd]

  '@esbuild/linux-arm64@0.27.4':
    resolution: {integrity: sha512-7nQOttdzVGth1iz57kxg9uCz57dxQLHWxopL6mYuYthohPKEK0vU0C3O21CcBK6KDlkYVcnDXY099HcCDXd9dA==}
    engines: {node: '>=18'}
    cpu: [arm64]
    os: [linux]

  '@esbuild/linux-arm@0.27.4':
    resolution: {integrity: sha512-aBYgcIxX/wd5n2ys0yESGeYMGF+pv6g0DhZr3G1ZG4jMfruU9Tl1i2Z+Wnj9/KjGz1lTLCcorqE2viePZqj4Eg==}
    engines: {node: '>=18'}
    cpu: [arm]
    os: [linux]

  '@esbuild/linux-ia32@0.27.4':
    resolution: {integrity: sha512-oPtixtAIzgvzYcKBQM/qZ3R+9TEUd1aNJQu0HhGyqtx6oS7qTpvjheIWBbes4+qu1bNlo2V4cbkISr8q6gRBFA==}
    engines: {node: '>=18'}
    cpu: [ia32]
    os: [linux]

  '@esbuild/linux-loong64@0.27.4':
    resolution: {integrity: sha512-8mL/vh8qeCoRcFH2nM8wm5uJP+ZcVYGGayMavi8GmRJjuI3g1v6Z7Ni0JJKAJW+m0EtUuARb6Lmp4hMjzCBWzA==}
    engines: {node: '>=18'}
    cpu: [loong64]
    os: [linux]

  '@esbuild/linux-mips64el@0.27.4':
    resolution: {integrity: sha512-1RdrWFFiiLIW7LQq9Q2NES+HiD4NyT8Itj9AUeCl0IVCA459WnPhREKgwrpaIfTOe+/2rdntisegiPWn/r/aAw==}
    engines: {node: '>=18'}
    cpu: [mips64el]
    os: [linux]

  '@esbuild/linux-ppc64@0.27.4':
    resolution: {integrity: sha512-tLCwNG47l3sd9lpfyx9LAGEGItCUeRCWeAx6x2Jmbav65nAwoPXfewtAdtbtit/pJFLUWOhpv0FpS6GQAmPrHA==}
    engines: {node: '>=18'}
    cpu: [ppc64]
    os: [linux]

  '@esbuild/linux-riscv64@0.27.4':
    resolution: {integrity: sha512-BnASypppbUWyqjd1KIpU4AUBiIhVr6YlHx/cnPgqEkNoVOhHg+YiSVxM1RLfiy4t9cAulbRGTNCKOcqHrEQLIw==}
    engines: {node: '>=18'}
    cpu: [riscv64]
    os: [linux]

  '@esbuild/linux-s390x@0.27.4':
    resolution: {integrity: sha512-+eUqgb/Z7vxVLezG8bVB9SfBie89gMueS+I0xYh2tJdw3vqA/0ImZJ2ROeWwVJN59ihBeZ7Tu92dF/5dy5FttA==}
    engines: {node: '>=18'}
    cpu: [s390x]
    os: [linux]

  '@esbuild/linux-x64@0.27.4':
    resolution: {integrity: sha512-S5qOXrKV8BQEzJPVxAwnryi2+Iq5pB40gTEIT69BQONqR7JH1EPIcQ/Uiv9mCnn05jff9umq/5nqzxlqTOg9NA==}
    engines: {node: '>=18'}
    cpu: [x64]
    os: [linux]

  '@esbuild/netbsd-arm64@0.27.4':
    resolution: {integrity: sha512-xHT8X4sb0GS8qTqiwzHqpY00C95DPAq7nAwX35Ie/s+LO9830hrMd3oX0ZMKLvy7vsonee73x0lmcdOVXFzd6Q==}
    engines: {node: '>=18'}
    cpu: [arm64]
    os: [netbsd]

  '@esbuild/netbsd-x64@0.27.4':
    resolution: {integrity: sha512-RugOvOdXfdyi5Tyv40kgQnI0byv66BFgAqjdgtAKqHoZTbTF2QqfQrFwa7cHEORJf6X2ht+l9ABLMP0dnKYsgg==}
    engines: {node: '>=18'}
    cpu: [x64]
    os: [netbsd]

  '@esbuild/openbsd-arm64@0.27.4':
    resolution: {integrity: sha512-2MyL3IAaTX+1/qP0O1SwskwcwCoOI4kV2IBX1xYnDDqthmq5ArrW94qSIKCAuRraMgPOmG0RDTA74mzYNQA9ow==}
    engines: {node: '>=18'}
    cpu: [arm64]
    os: [openbsd]

  '@esbuild/openbsd-x64@0.27.4':
    resolution: {integrity: sha512-u8fg/jQ5aQDfsnIV6+KwLOf1CmJnfu1ShpwqdwC0uA7ZPwFws55Ngc12vBdeUdnuWoQYx/SOQLGDcdlfXhYmXQ==}
    engines: {node: '>=18'}
    cpu: [x64]
    os: [openbsd]

  '@esbuild/openharmony-arm64@0.27.4':
    resolution: {integrity: sha512-JkTZrl6VbyO8lDQO3yv26nNr2RM2yZzNrNHEsj9bm6dOwwu9OYN28CjzZkH57bh4w0I2F7IodpQvUAEd1mbWXg==}
    engines: {node: '>=18'}
    cpu: [arm64]
    os: [openharmony]

  '@esbuild/sunos-x64@0.27.4':
    resolution: {integrity: sha512-/gOzgaewZJfeJTlsWhvUEmUG4tWEY2Spp5M20INYRg2ZKl9QPO3QEEgPeRtLjEWSW8FilRNacPOg8R1uaYkA6g==}
    engines: {node: '>=18'}
    cpu: [x64]
    os: [sunos]

  '@esbuild/win32-arm64@0.27.4':
    resolution: {integrity: sha512-Z9SExBg2y32smoDQdf1HRwHRt6vAHLXcxD2uGgO/v2jK7Y718Ix4ndsbNMU/+1Qiem9OiOdaqitioZwxivhXYg==}
    engines: {node: '>=18'}
    cpu: [arm64]
    os: [win32]

  '@esbuild/win32-ia32@0.27.4':
    resolution: {integrity: sha512-DAyGLS0Jz5G5iixEbMHi5KdiApqHBWMGzTtMiJ72ZOLhbu/bzxgAe8Ue8CTS3n3HbIUHQz/L51yMdGMeoxXNJw==}
    engines: {node: '>=18'}
    cpu: [ia32]
    os: [win32]

  '@esbuild/win32-x64@0.27.4':
    resolution: {integrity: sha512-+knoa0BDoeXgkNvvV1vvbZX4+hizelrkwmGJBdT17t8FNPwG2lKemmuMZlmaNQ3ws3DKKCxpb4zRZEIp3UxFCg==}
    engines: {node: '>=18'}
    cpu: [x64]
    os: [win32]

  '@socket.io/component-emitter@3.1.2':
    resolution: {integrity: sha512-9BCxFwvbGg/RsZK9tjXd8s4UcwR0MWeFQ1XEKIQVVvAGJyINdrqKMcTRyLoK8Rse1GjzLV9cwjWV1olXRWEXVA==}

  '@types/lodash-es@4.17.12':
    resolution: {integrity: sha512-0NgftHUcV4v34VhXm8QBSftKVXtbkBG3ViCjs6+eJ5a6y6Mi/jiFGPc1sC7QK+9BFhWrURE3EOggmWaSxL9OzQ==}

  '@types/lodash@4.17.24':
    resolution: {integrity: sha512-gIW7lQLZbue7lRSWEFql49QJJWThrTFFeIMJdp3eH4tKoxm1OvEPg02rm4wCCSHS0cL3/Fizimb35b7k8atwsQ==}

  '@types/validator@13.15.10':
    resolution: {integrity: sha512-T8L6i7wCuyoK8A/ZeLYt1+q0ty3Zb9+qbSSvrIVitzT3YjZqkTZ40IbRsPanlB4h1QB3JVL1SYCdR6ngtFYcuA==}

  bc-stubs@126.0.0-Beta.1:
    resolution: {integrity: sha512-UQRDRhGsoyeCcnnD9O7Bjfz0c1bRhr3rvdUPQZ/41bJjRTOuN1dmTT4WAGbOm8VCxFQAKXzcxEpmmeZioHpqNw==}

  bondage-club-mod-sdk@1.2.0:
    resolution: {integrity: sha512-S+li+PgX7Qo5yccS/R/eAXC4Opq8lc5AdhTPjC2XhWxDGTieUQKj3QJ4ZLgL8x0ySnK7h+DvlkRZd8+OT5JErQ==}

  class-transformer@0.5.1:
    resolution: {integrity: sha512-SQa1Ws6hUbfC98vKGxZH3KFY0Y1lm5Zm0SY8XX9zbK7FJCyVEac3ATW0RIpwzW+oOfmHE5PMPufDG9hCfoEOMw==}

  class-validator@0.14.4:
    resolution: {integrity: sha512-AwNusCCam51q703dW82x95tOqQp6oC9HNUl724KxJJOfnKscI8dOloXFgyez7LbTTKWuRBA37FScqVbJEoq8Yw==}

  debug@4.3.7:
    resolution: {integrity: sha512-Er2nc/H7RrMXZBFCEim6TCmMk02Z8vLC2Rbi1KEBggpo0fS6l0S1nnapwmIi3yW/+GOJap1Krg4w0Hg80oCqgQ==}
    engines: {node: '>=6.0'}
    peerDependencies:
      supports-color: '*'
    peerDependenciesMeta:
      supports-color:
        optional: true

  debug@4.4.3:
    resolution: {integrity: sha512-RGwwWnwQvkVfavKVt22FGLw+xYSdzARwm0ru6DhTVA3umU5hZc28V3kO4stgYryrTlLpuvgI9GiijltAjNbcqA==}
    engines: {node: '>=6.0'}
    peerDependencies:
      supports-color: '*'
    peerDependenciesMeta:
      supports-color:
        optional: true

  engine.io-client@6.4.0:
    resolution: {integrity: sha512-GyKPDyoEha+XZ7iEqam49vz6auPnNJ9ZBfy89f+rMMas8AuiMWOZ9PVzu8xb9ZC6rafUqiGHSCfu22ih66E+1g==}

  engine.io-parser@5.0.7:
    resolution: {integrity: sha512-P+jDFbvK6lE3n1OL+q9KuzdOFWkkZ/cMV9gol/SbVfpyqfvrfrFTOFJ6fQm2VC3PZHlU3QPhVwmbsCnauHF2MQ==}
    engines: {node: '>=10.0.0'}

  esbuild@0.27.4:
    resolution: {integrity: sha512-Rq4vbHnYkK5fws5NF7MYTU68FPRE1ajX7heQ/8QXXWqNgqqJ/GkmmyxIzUnf2Sr/bakf8l54716CcMGHYhMrrQ==}
    engines: {node: '>=18'}
    hasBin: true

  libphonenumber-js@1.12.40:
    resolution: {integrity: sha512-HKGs7GowShNls3Zh+7DTr6wYpPk5jC78l508yQQY3e8ZgJChM3A9JZghmMJZuK+5bogSfuTafpjksGSR3aMIEg==}

  lodash-es@4.17.23:
    resolution: {integrity: sha512-kVI48u3PZr38HdYz98UmfPnXl2DXrpdctLrFLCd3kOx1xUkOmpFPx7gCWWM5MPkL/fD8zb+Ph0QzjGFs4+hHWg==}

  lucide-react@0.542.0:
    resolution: {integrity: sha512-w3hD8/SQB7+lzU2r4VdFyzzOzKnUjTZIF/MQJGSSvni7Llewni4vuViRppfRAa2guOsY5k4jZyxw/i9DQHv+dw==}
    peerDependencies:
      react: ^16.5.1 || ^17.0.0 || ^18.0.0 || ^19.0.0

  lucide@0.541.0:
    resolution: {integrity: sha512-L4lj6PQMu3phzKEMGj3yX+1FXVMUtzjXEo4iajXSHmA3a93IxbFRmJddq96E8MYEP6JbBjs+fo4hVygZqngSVg==}

  ms@2.1.3:
    resolution: {integrity: sha512-6FlzubTLZG3J2a/NVCAleEhjzq5oxgHyaCU9yYXvcLsvoVaHJq/s5xXI6/XXP6tz7R9xAOtHnSO/tXtF3WRTlA==}

  react-dom@19.2.4:
    resolution: {integrity: sha512-AXJdLo8kgMbimY95O2aKQqsz2iWi9jMgKJhRBAxECE4IFxfcazB2LmzloIoibJI3C12IlY20+KFaLv+71bUJeQ==}
    peerDependencies:
      react: ^19.2.4

  react@19.2.4:
    resolution: {integrity: sha512-9nfp2hYpCwOjAN+8TZFGhtWEwgvWHXqESH8qT89AT/lWklpLON22Lc8pEtnpsZz7VmawabSU0gCjnj8aC0euHQ==}
    engines: {node: '>=0.10.0'}

  reflect-metadata@0.2.2:
    resolution: {integrity: sha512-urBwgfrvVP/eAyXx4hluJivBKzuEbSQs9rKWCrCkbSxNv8mxPcUZKeuoF3Uy4mJl3Lwprp6yy5/39VWigZ4K6Q==}

  scheduler@0.27.0:
    resolution: {integrity: sha512-eNv+WrVbKu1f3vbYJT/xtiF5syA5HPIMtf9IgY/nKg0sWqzAUEvqY/xm7OcZc/qafLx/iO9FgOmeSAp4v5ti/Q==}

  socket.io-client@4.6.1:
    resolution: {integrity: sha512-5UswCV6hpaRsNg5kkEHVcbBIXEYoVbMQaHJBXJCyEQ+CiFPV1NIOY0XOFWG4XR4GZcB8Kn6AsRs/9cy9TbqVMQ==}
    engines: {node: '>=10.0.0'}

  socket.io-parser@4.2.5:
    resolution: {integrity: sha512-bPMmpy/5WWKHea5Y/jYAP6k74A+hvmRCQaJuJB6I/ML5JZq/KfNieUVo/3Mh7SAqn7TyFdIo6wqYHInG1MU1bQ==}
    engines: {node: '>=10.0.0'}

  typescript@5.9.3:
    resolution: {integrity: sha512-jl1vZzPDinLr9eUt3J/t7V6FgNEw9QjvBPdysz9KfQDD41fQrC2Y4vKQdiaUpFT4bXlb1RHhLpp8wtm6M5TgSw==}
    engines: {node: '>=14.17'}
    hasBin: true

  validator@13.15.26:
    resolution: {integrity: sha512-spH26xU080ydGggxRyR1Yhcbgx+j3y5jbNXk/8L+iRvdIEQ4uTRH2Sgf2dokud6Q4oAtsbNvJ1Ft+9xmm6IZcA==}
    engines: {node: '>= 0.10'}

  ws@8.11.0:
    resolution: {integrity: sha512-HPG3wQd9sNQoT9xHyNCXoDUa+Xw/VevmY9FoHyQ+g+rrMn4j6FB4np7Z0OhdTgjx6MgQLK7jwSy1YecU1+4Asg==}
    engines: {node: '>=10.0.0'}
    peerDependencies:
      bufferutil: ^4.0.1
      utf-8-validate: ^5.0.2
    peerDependenciesMeta:
      bufferutil:
        optional: true
      utf-8-validate:
        optional: true

  xmlhttprequest-ssl@2.0.0:
    resolution: {integrity: sha512-QKxVRxiRACQcVuQEYFsI1hhkrMlrXHPegbbd1yn9UHOmRxY+si12nQYzri3vbzt8VdTTRviqcKxcyllFas5z2A==}
    engines: {node: '>=0.4.0'}

  zois-core@1.2.1:
    resolution: {integrity: sha512-Wuhm7P3ihHScgllqNCrrR9UkO3YyVKAflMd/k8rr91wLLH0HowkcKR/2vC8FEuaGxeFtqamrMJ/a5nLnSh6AKw==}

  zustand@5.0.11:
    resolution: {integrity: sha512-fdZY+dk7zn/vbWNCYmzZULHRrss0jx5pPFiOuMZ/5HJN6Yv3u+1Wswy/4MpZEkEGhtNH+pwxZB8OKgUBPzYAGg==}
    engines: {node: '>=12.20.0'}
    peerDependencies:
      '@types/react': '>=18.0.0'
      immer: '>=9.0.6'
      react: '>=18.0.0'
      use-sync-external-store: '>=1.2.0'
    peerDependenciesMeta:
      '@types/react':
        optional: true
      immer:
        optional: true
      react:
        optional: true
      use-sync-external-store:
        optional: true

snapshots:

  '@esbuild/aix-ppc64@0.27.4':
    optional: true

  '@esbuild/android-arm64@0.27.4':
    optional: true

  '@esbuild/android-arm@0.27.4':
    optional: true

  '@esbuild/android-x64@0.27.4':
    optional: true

  '@esbuild/darwin-arm64@0.27.4':
    optional: true

  '@esbuild/darwin-x64@0.27.4':
    optional: true

  '@esbuild/freebsd-arm64@0.27.4':
    optional: true

  '@esbuild/freebsd-x64@0.27.4':
    optional: true

  '@esbuild/linux-arm64@0.27.4':
    optional: true

  '@esbuild/linux-arm@0.27.4':
    optional: true

  '@esbuild/linux-ia32@0.27.4':
    optional: true

  '@esbuild/linux-loong64@0.27.4':
    optional: true

  '@esbuild/linux-mips64el@0.27.4':
    optional: true

  '@esbuild/linux-ppc64@0.27.4':
    optional: true

  '@esbuild/linux-riscv64@0.27.4':
    optional: true

  '@esbuild/linux-s390x@0.27.4':
    optional: true

  '@esbuild/linux-x64@0.27.4':
    optional: true

  '@esbuild/netbsd-arm64@0.27.4':
    optional: true

  '@esbuild/netbsd-x64@0.27.4':
    optional: true

  '@esbuild/openbsd-arm64@0.27.4':
    optional: true

  '@esbuild/openbsd-x64@0.27.4':
    optional: true

  '@esbuild/openharmony-arm64@0.27.4':
    optional: true

  '@esbuild/sunos-x64@0.27.4':
    optional: true

  '@esbuild/win32-arm64@0.27.4':
    optional: true

  '@esbuild/win32-ia32@0.27.4':
    optional: true

  '@esbuild/win32-x64@0.27.4':
    optional: true

  '@socket.io/component-emitter@3.1.2': {}

  '@types/lodash-es@4.17.12':
    dependencies:
      '@types/lodash': 4.17.24

  '@types/lodash@4.17.24': {}

  '@types/validator@13.15.10': {}

  bc-stubs@126.0.0-Beta.1:
    dependencies:
      socket.io-client: 4.6.1
    transitivePeerDependencies:
      - bufferutil
      - supports-color
      - utf-8-validate

  bondage-club-mod-sdk@1.2.0: {}

  class-transformer@0.5.1: {}

  class-validator@0.14.4:
    dependencies:
      '@types/validator': 13.15.10
      libphonenumber-js: 1.12.40
      validator: 13.15.26

  debug@4.3.7:
    dependencies:
      ms: 2.1.3

  debug@4.4.3:
    dependencies:
      ms: 2.1.3

  engine.io-client@6.4.0:
    dependencies:
      '@socket.io/component-emitter': 3.1.2
      debug: 4.3.7
      engine.io-parser: 5.0.7
      ws: 8.11.0
      xmlhttprequest-ssl: 2.0.0
    transitivePeerDependencies:
      - bufferutil
      - supports-color
      - utf-8-validate

  engine.io-parser@5.0.7: {}

  esbuild@0.27.4:
    optionalDependencies:
      '@esbuild/aix-ppc64': 0.27.4
      '@esbuild/android-arm': 0.27.4
      '@esbuild/android-arm64': 0.27.4
      '@esbuild/android-x64': 0.27.4
      '@esbuild/darwin-arm64': 0.27.4
      '@esbuild/darwin-x64': 0.27.4
      '@esbuild/freebsd-arm64': 0.27.4
      '@esbuild/freebsd-x64': 0.27.4
      '@esbuild/linux-arm': 0.27.4
      '@esbuild/linux-arm64': 0.27.4
      '@esbuild/linux-ia32': 0.27.4
      '@esbuild/linux-loong64': 0.27.4
      '@esbuild/linux-mips64el': 0.27.4
      '@esbuild/linux-ppc64': 0.27.4
      '@esbuild/linux-riscv64': 0.27.4
      '@esbuild/linux-s390x': 0.27.4
      '@esbuild/linux-x64': 0.27.4
      '@esbuild/netbsd-arm64': 0.27.4
      '@esbuild/netbsd-x64': 0.27.4
      '@esbuild/openbsd-arm64': 0.27.4
      '@esbuild/openbsd-x64': 0.27.4
      '@esbuild/openharmony-arm64': 0.27.4
      '@esbuild/sunos-x64': 0.27.4
      '@esbuild/win32-arm64': 0.27.4
      '@esbuild/win32-ia32': 0.27.4
      '@esbuild/win32-x64': 0.27.4

  libphonenumber-js@1.12.40: {}

  lodash-es@4.17.23: {}

  lucide-react@0.542.0(react@19.2.4):
    dependencies:
      react: 19.2.4

  lucide@0.541.0: {}

  ms@2.1.3: {}

  react-dom@19.2.4(react@19.2.4):
    dependencies:
      react: 19.2.4
      scheduler: 0.27.0

  react@19.2.4: {}

  reflect-metadata@0.2.2: {}

  scheduler@0.27.0: {}

  socket.io-client@4.6.1:
    dependencies:
      '@socket.io/component-emitter': 3.1.2
      debug: 4.3.7
      engine.io-client: 6.4.0
      socket.io-parser: 4.2.5
    transitivePeerDependencies:
      - bufferutil
      - supports-color
      - utf-8-validate

  socket.io-parser@4.2.5:
    dependencies:
      '@socket.io/component-emitter': 3.1.2
      debug: 4.4.3
    transitivePeerDependencies:
      - supports-color

  typescript@5.9.3: {}

  validator@13.15.26: {}

  ws@8.11.0: {}

  xmlhttprequest-ssl@2.0.0: {}

  zois-core@1.2.1:
    dependencies:
      bondage-club-mod-sdk: 1.2.0
      class-transformer: 0.5.1
      class-validator: 0.14.4
      lucide: 0.541.0
      lucide-react: 0.542.0(react@19.2.4)
      react: 19.2.4
      react-dom: 19.2.4(react@19.2.4)
      reflect-metadata: 0.2.2
      zustand: 5.0.11(react@19.2.4)
    transitivePeerDependencies:
      - '@types/react'
      - immer
      - use-sync-external-store

  zustand@5.0.11(react@19.2.4):
    optionalDependencies:
      react: 19.2.4
